// !$*UTF8*$!
{
	archiveVersion = 1;
	classes = {
	};
	objectVersion = 50;
	objects = {

/* Begin PBXBuildFile section */
		04C84F3524691A6300B3A336 /* AppDelegate.swift in Sources */ = {isa = PBXBuildFile; fileRef = 04C84F3424691A6300B3A336 /* AppDelegate.swift */; };
		04C84F3724691A6300B3A336 /* SceneDelegate.swift in Sources */ = {isa = PBXBuildFile; fileRef = 04C84F3624691A6300B3A336 /* SceneDelegate.swift */; };
		04C84F3924691A6300B3A336 /* ViewController.swift in Sources */ = {isa = PBXBuildFile; fileRef = 04C84F3824691A6300B3A336 /* ViewController.swift */; };
		04C84F3C24691A6300B3A336 /* Main.storyboard in Resources */ = {isa = PBXBuildFile; fileRef = 04C84F3A24691A6300B3A336 /* Main.storyboard */; };
		04C84F3E24691A6600B3A336 /* Assets.xcassets in Resources */ = {isa = PBXBuildFile; fileRef = 04C84F3D24691A6600B3A336 /* Assets.xcassets */; };
		04C84F4124691A6600B3A336 /* LaunchScreen.storyboard in Resources */ = {isa = PBXBuildFile; fileRef = 04C84F3F24691A6600B3A336 /* LaunchScreen.storyboard */; };
		04C84F4C24691A6600B3A336 /* SpeechRecognizerTests.swift in Sources */ = {isa = PBXBuildFile; fileRef = 04C84F4B24691A6600B3A336 /* SpeechRecognizerTests.swift */; };
/* End PBXBuildFile section */

/* Begin PBXContainerItemProxy section */
		04C84F4824691A6600B3A336 /* PBXContainerItemProxy */ = {
			isa = PBXContainerItemProxy;
			containerPortal = 04C84F2924691A6300B3A336 /* Project object */;
			proxyType = 1;
			remoteGlobalIDString = 04C84F3024691A6300B3A336;
			remoteInfo = SpeechRecognizer;
		};
/* End PBXContainerItemProxy section */

/* Begin PBXFileReference section */
		04C84F3124691A6300B3A336 /* SpeechRecognizer.app */ = {isa = PBXFileReference; explicitFileType = wrapper.application; includeInIndex = 0; path = SpeechRecognizer.app; sourceTree = BUILT_PRODUCTS_DIR; };
		04C84F3424691A6300B3A336 /* AppDelegate.swift */ = {isa = PBXFileReference; lastKnownFileType = sourcecode.swift; path = AppDelegate.swift; sourceTree = "<group>"; };
		04C84F3624691A6300B3A336 /* SceneDelegate.swift */ = {isa = PBXFileReference; lastKnownFileType = sourcecode.swift; path = SceneDelegate.swift; sourceTree = "<group>"; };
		04C84F3824691A6300B3A336 /* ViewController.swift */ = {isa = PBXFileReference; lastKnownFileType = sourcecode.swift; path = ViewController.swift; sourceTree = "<group>"; };
		04C84F3B24691A6300B3A336 /* Base */ = {isa = PBXFileReference; lastKnownFileType = file.storyboard; name = Base; path = Base.lproj/Main.storyboard; sourceTree = "<group>"; };
		04C84F3D24691A6600B3A336 /* Assets.xcassets */ = {isa = PBXFileReference; lastKnownFileType = folder.assetcatalog; path = Assets.xcassets; sourceTree = "<group>"; };
		04C84F4024691A6600B3A336 /* Base */ = {isa = PBXFileReference; lastKnownFileType = file.storyboard; name = Base; path = Base.lproj/LaunchScreen.storyboard; sourceTree = "<group>"; };
		04C84F4224691A6600B3A336 /* Info.plist */ = {isa = PBXFileReference; lastKnownFileType = text.plist.xml; path = Info.plist; sourceTree = "<group>"; };
		04C84F4724691A6600B3A336 /* SpeechRecognizerTests.xctest */ = {isa = PBXFileReference; explicitFileType = wrapper.cfbundle; includeInIndex = 0; path = SpeechRecognizerTests.xctest; sourceTree = BUILT_PRODUCTS_DIR; };
		04C84F4B24691A6600B3A336 /* SpeechRecognizerTests.swift */ = {isa = PBXFileReference; lastKnownFileType = sourcecode.swift; path = SpeechRecognizerTests.swift; sourceTree = "<group>"; };
		04C84F4D24691A6600B3A336 /* Info.plist */ = {isa = PBXFileReference; lastKnownFileType = text.plist.xml; path = Info.plist; sourceTree = "<group>"; };
/* End PBXFileReference section */

/* Begin PBXFrameworksBuildPhase section */
		04C84F2E24691A6300B3A336 /* Frameworks */ = {
			isa = PBXFrameworksBuildPhase;
			buildActionMask = 2147483647;
			files = (
			);
			runOnlyForDeploymentPostprocessing = 0;
		};
		04C84F4424691A6600B3A336 /* Frameworks */ = {
			isa = PBXFrameworksBuildPhase;
			buildActionMask = 2147483647;
			files = (
			);
			runOnlyForDeploymentPostprocessing = 0;
		};
/* End PBXFrameworksBuildPhase section */

/* Begin PBXGroup section */
		04C84F2824691A6300B3A336 = {
			isa = PBXGroup;
			children = (
				04C84F3324691A6300B3A336 /* SpeechRecognizer */,
				04C84F4A24691A6600B3A336 /* SpeechRecognizerTests */,
				04C84F3224691A6300B3A336 /* Products */,
			);
			sourceTree = "<group>";
		};
		04C84F3224691A6300B3A336 /* Products */ = {
			isa = PBXGroup;
			children = (
				04C84F3124691A6300B3A336 /* SpeechRecognizer.app */,
				04C84F4724691A6600B3A336 /* SpeechRecognizerTests.xctest */,
			);
			name = Products;
			sourceTree = "<group>";
		};
		04C84F3324691A6300B3A336 /* SpeechRecognizer */ = {
			isa = PBXGroup;
			children = (
				04C84F3424691A6300B3A336 /* AppDelegate.swift */,
				04C84F3624691A6300B3A336 /* SceneDelegate.swift */,
				04C84F3824691A6300B3A336 /* ViewController.swift */,
				04C84F3A24691A6300B3A336 /* Main.storyboard */,
				04C84F3D24691A6600B3A336 /* Assets.xcassets */,
				04C84F3F24691A6600B3A336 /* LaunchScreen.storyboard */,
				04C84F4224691A6600B3A336 /* Info.plist */,
			);
			path = SpeechRecognizer;
			sourceTree = "<group>";
		};
		04C84F4A24691A6600B3A336 /* SpeechRecognizerTests */ = {
			isa = PBXGroup;
			children = (
				04C84F4B24691A6600B3A336 /* SpeechRecognizerTests.swift */,
				04C84F4D24691A6600B3A336 /* Info.plist */,
			);
			path = SpeechRecognizerTests;
			sourceTree = "<group>";
		};
/* End PBXGroup section */

/* Begin PBXNativeTarget section */
		04C84F3024691A6300B3A336 /* SpeechRecognizer */ = {
			isa = PBXNativeTarget;
			buildConfigurationList = 04C84F5024691A6600B3A336 /* Build configuration list for PBXNativeTarget "SpeechRecognizer" */;
			buildPhases = (
				04C84F2D24691A6300B3A336 /* Sources */,
				04C84F2E24691A6300B3A336 /* Frameworks */,
				04C84F2F24691A6300B3A336 /* Resources */,
			);
			buildRules = (
			);
			dependencies = (
			);
			name = SpeechRecognizer;
			productName = SpeechRecognizer;
			productReference = 04C84F3124691A6300B3A336 /* SpeechRecognizer.app */;
			productType = "com.apple.product-type.application";
		};
		04C84F4624691A6600B3A336 /* SpeechRecognizerTests */ = {
			isa = PBXNativeTarget;
			buildConfigurationList = 04C84F5324691A6600B3A336 /* Build configuration list for PBXNativeTarget "SpeechRecognizerTests" */;
			buildPhases = (
				04C84F4324691A6600B3A336 /* Sources */,
				04C84F4424691A6600B3A336 /* Frameworks */,
				04C84F4524691A6600B3A336 /* Resources */,
			);
			buildRules = (
			);
			dependencies = (
				04C84F4924691A6600B3A336 /* PBXTargetDependency */,
			);
			name = SpeechRecognizerTests;
			productName = SpeechRecognizerTests;
			productReference = 04C84F4724691A6600B3A336 /* SpeechRecognizerTests.xctest */;
			productType = "com.apple.product-type.bundle.unit-test";
		};
/* End PBXNativeTarget section */

/* Begin PBXProject section */
		04C84F2924691A6300B3A336 /* Project object */ = {
			isa = PBXProject;
			attributes = {
				LastSwiftUpdateCheck = 1130;
				LastUpgradeCheck = 1130;
				ORGANIZATIONNAME = Avinash;
				TargetAttributes = {
					04C84F3024691A6300B3A336 = {
						CreatedOnToolsVersion = 11.3.1;
					};
					04C84F4624691A6600B3A336 = {
						CreatedOnToolsVersion = 11.3.1;
						TestTargetID = 04C84F3024691A6300B3A336;
					};
				};
			};
			buildConfigurationList = 04C84F2C24691A6300B3A336 /* Build configuration list for PBXProject "SpeechRecognizer" */;
			compatibilityVersion = "Xcode 9.3";
			developmentRegion = en;
			hasScannedForEncodings = 0;
			knownRegions = (
				en,
				Base,
			);
			mainGroup = 04C84F2824691A6300B3A336;
			productRefGroup = 04C84F3224691A6300B3A336 /* Products */;
			projectDirPath = "";
			projectRoot = "";
			targets = (
				04C84F3024691A6300B3A336 /* SpeechRecognizer */,
				04C84F4624691A6600B3A336 /* SpeechRecognizerTests */,
			);
		};
/* End PBXProject section */

/* Begin PBXResourcesBuildPhase section */
		04C84F2F24691A6300B3A336 /* Resources */ = {
			isa = PBXResourcesBuildPhase;
			buildActionMask = 2147483647;
			files = (
				04C84F4124691A6600B3A336 /* LaunchScreen.storyboard in Resources */,
				04C84F3E24691A6600B3A336 /* Assets.xcassets in Resources */,
				04C84F3C24691A6300B3A336 /* Main.storyboard in Resources */,
			);
			runOnlyForDeploymentPostprocessing = 0;
		};
		04C84F4524691A6600B3A336 /* Resources */ = {
			isa = PBXResourcesBuildPhase;
			buildActionMask = 2147483647;
			files = (
			);
			runOnlyForDeploymentPostprocessing = 0;
		};
/* End PBXResourcesBuildPhase section */

/* Begin PBXSourcesBuildPhase section */
		04C84F2D24691A6300B3A336 /* Sources */ = {
			isa = PBXSourcesBuildPhase;
			buildActionMask = 2147483647;
			files = (
				04C84F3924691A6300B3A336 /* ViewController.swift in Sources */,
				04C84F3524691A6300B3A336 /* AppDelegate.swift in Sources */,
				04C84F3724691A6300B3A336 /* SceneDelegate.swift in Sources */,
			);
			runOnlyForDeploymentPostprocessing = 0;
		};
		04C84F4324691A6600B3A336 /* Sources */ = {
			isa = PBXSourcesBuildPhase;
			buildActionMask = 2147483647;
			files = (
				04C84F4C24691A6600B3A336 /* SpeechRecognizerTests.swift in Sources */,
			);
			runOnlyForDeploymentPostprocessing = 0;
		};
/* End PBXSourcesBuildPhase section */

/* Begin PBXTargetDependency section */
		04C84F4924691A6600B3A336 /* PBXTargetDependency */ = {
			isa = PBXTargetDependency;
			target = 04C84F3024691A6300B3A336 /* SpeechRecognizer */;
			targetProxy = 04C84F4824691A6600B3A336 /* PBXContainerItemProxy */;
		};
/* End PBXTargetDependency section */

/* Begin PBXVariantGroup section */
		04C84F3A24691A6300B3A336 /* Main.storyboard */ = {
			isa = PBXVariantGroup;
			children = (
				04C84F3B24691A6300B3A336 /* Base */,
			);
			name = Main.storyboard;
			sourceTree = "<group>";
		};
		04C84F3F24691A6600B3A336 /* LaunchScreen.storyboard */ = {
			isa = PBXVariantGroup;
			children = (
				04C84F4024691A6600B3A336 /* Base */,
			);
			name = LaunchScreen.storyboard;
			sourceTree = "<group>";
		};
/* End PBXVariantGroup section */

/* Begin XCBuildConfiguration section */
		04C84F4E24691A6600B3A336 /* Debug */ = {
			isa = XCBuildConfiguration;
			buildSettings = {
				ALWAYS_SEARCH_USER_PATHS = NO;
				CLANG_ANALYZER_NONNULL = YES;
				CLANG_ANALYZER_NUMBER_OBJECT_CONVERSION = YES_AGGRESSIVE;
				CLANG_CXX_LANGUAGE_STANDARD = "gnu++14";
				CLANG_CXX_LIBRARY = "libc++";
				CLANG_ENABLE_MODULES = YES;
				CLANG_ENABLE_OBJC_ARC = YES;
				CLANG_ENABLE_OBJC_WEAK = YES;
				CLANG_WARN_BLOCK_CAPTURE_AUTORELEASING = YES;
				CLANG_WARN_BOOL_CONVERSION = YES;
				CLANG_WARN_COMMA = YES;
				CLANG_WARN_CONSTANT_CONVERSION = YES;
				CLANG_WARN_DEPRECATED_OBJC_IMPLEMENTATIONS = YES;
				CLANG_WARN_DIRECT_OBJC_ISA_USAGE = YES_ERROR;
				CLANG_WARN_DOCUMENTATION_COMMENTS = YES;
				CLANG_WARN_EMPTY_BODY = YES;
				CLANG_WARN_ENUM_CONVERSION = YES;
				CLANG_WARN_INFINITE_RECURSION = YES;
				CLANG_WARN_INT_CONVERSION = YES;
				CLANG_WARN_NON_LITERAL_NULL_CONVERSION = YES;
				CLANG_WARN_OBJC_IMPLICIT_RETAIN_SELF = YES;
				CLANG_WARN_OBJC_LITERAL_CONVERSION = YES;
				CLANG_WARN_OBJC_ROOT_CLASS = YES_ERROR;
				CLANG_WARN_RANGE_LOOP_ANALYSIS = YES;
				CLANG_WARN_STRICT_PROTOTYPES = YES;
				CLANG_WARN_SUSPICIOUS_MOVE = YES;
				CLANG_WARN_UNGUARDED_AVAILABILITY = YES_AGGRESSIVE;
				CLANG_WARN_UNREACHABLE_CODE = YES;
				CLANG_WARN__DUPLICATE_METHOD_MATCH = YES;
				COPY_PHASE_STRIP = NO;
				DEBUG_INFORMATION_FORMAT = dwarf;
				ENABLE_STRICT_OBJC_MSGSEND = YES;
				ENABLE_TESTABILITY = YES;
				GCC_C_LANGUAGE_STANDARD = gnu11;
				GCC_DYNAMIC_NO_PIC = NO;
				GCC_NO_COMMON_BLOCKS = YES;
				GCC_OPTIMIZATION_LEVEL = 0;
				GCC_PREPROCESSOR_DEFINITIONS = (
					"DEBUG=1",
					"$(inherited)",
				);
				GCC_WARN_64_TO_32_BIT_CONVERSION = YES;
				GCC_WARN_ABOUT_RETURN_TYPE = YES_ERROR;
				GCC_WARN_UNDECLARED_SELECTOR = YES;
				GCC_WARN_UNINITIALIZED_AUTOS = YES_AGGRESSIVE;
				GCC_WARN_UNUSED_FUNCTION = YES;
				GCC_WARN_UNUSED_VARIABLE = YES;
				IPHONEOS_DEPLOYMENT_TARGET = 13.2;
				MTL_ENABLE_DEBUG_INFO = INCLUDE_SOURCE;
				MTL_FAST_MATH = YES;
				ONLY_ACTIVE_ARCH = YES;
				SDKROOT = iphoneos;
				SWIFT_ACTIVE_COMPILATION_CONDITIONS = DEBUG;
				SWIFT_OPTIMIZATION_LEVEL = "-Onone";
			};
			name = Debug;
		};
		04C84F4F24691A6600B3A336 /* Release */ = {
			isa = XCBuildConfiguration;
			buildSettings = {
				ALWAYS_SEARCH_USER_PATHS = NO;
				CLANG_ANALYZER_NONNULL = YES;
				CLANG_ANALYZER_NUMBER_OBJECT_CONVERSION = YES_AGGRESSIVE;
				CLANG_CXX_LANGUAGE_STANDARD = "gnu++14";
				CLANG_CXX_LIBRARY = "libc++";
				CLANG_ENABLE_MODULES = YES;
				CLANG_ENABLE_OBJC_ARC = YES;
				CLANG_ENABLE_OBJC_WEAK = YES;
				CLANG_WARN_BLOCK_CAPTURE_AUTORELEASING = YES;
				CLANG_WARN_BOOL_CONVERSION = YES;
				CLANG_WARN_COMMA = YES;
				CLANG_WARN_CONSTANT_CONVERSION = YES;
				CLANG_WARN_DEPRECATED_OBJC_IMPLEMENTATIONS = YES;
				CLANG_WARN_DIRECT_OBJC_ISA_USAGE = YES_ERROR;
				CLANG_WARN_DOCUMENTATION_COMMENTS = YES;
				CLANG_WARN_EMPTY_BODY = YES;
				CLANG_WARN_ENUM_CONVERSION = YES;
				CLANG_WARN_INFINITE_RECURSION = YES;
				CLANG_WARN_INT_CONVERSION = YES;
				CLANG_WARN_NON_LITERAL_NULL_CONVERSION = YES;
				CLANG_WARN_OBJC_IMPLICIT_RETAIN_SELF = YES;
				CLANG_WARN_OBJC_LITERAL_CONVERSION = YES;
				CLANG_WARN_OBJC_ROOT_CLASS = YES_ERROR;
				CLANG_WARN_RANGE_LOOP_ANALYSIS = YES;
				CLANG_WARN_STRICT_PROTOTYPES = YES;
				CLANG_WARN_SUSPICIOUS_MOVE = YES;
				CLANG_WARN_UNGUARDED_AVAILABILITY = YES_AGGRESSIVE;
				CLANG_WARN_UNREACHABLE_CODE = YES;
				CLANG_WARN__DUPLICATE_METHOD_MATCH = YES;
				COPY_PHASE_STRIP = NO;
				DEBUG_INFORMATION_FORMAT = "dwarf-with-dsym";
				ENABLE_NS_ASSERTIONS = NO;
				ENABLE_STRICT_OBJC_MSGSEND = YES;
				GCC_C_LANGUAGE_STANDARD = gnu11;
				GCC_NO_COMMON_BLOCKS = YES;
				GCC_WARN_64_TO_32_BIT_CONVERSION = YES;
				GCC_WARN_ABOUT_RETURN_TYPE = YES_ERROR;
				GCC_WARN_UNDECLARED_SELECTOR = YES;
				GCC_WARN_UNINITIALIZED_AUTOS = YES_AGGRESSIVE;
				GCC_WARN_UNUSED_FUNCTION = YES;
				GCC_WARN_UNUSED_VARIABLE = YES;
				IPHONEOS_DEPLOYMENT_TARGET = 13.2;
				MTL_ENABLE_DEBUG_INFO = NO;
				MTL_FAST_MATH = YES;
				SDKROOT = iphoneos;
				SWIFT_COMPILATION_MODE = wholemodule;
				SWIFT_OPTIMIZATION_LEVEL = "-O";
				VALIDATE_PRODUCT = YES;
			};
			name = Release;
		};
		04C84F5124691A6600B3A336 /* Debug */ = {
			isa = XCBuildConfiguration;
			buildSettings = {
				ASSETCATALOG_COMPILER_APPICON_NAME = AppIcon;
				CODE_SIGN_STYLE = Automatic;
				INFOPLIST_FILE = SpeechRecognizer/Info.plist;
				LD_RUNPATH_SEARCH_PATHS = (
					"$(inherited)",
					"@executable_path/Frameworks",
				);
				PRODUCT_BUNDLE_IDENTIFIER = com.sample.SpeechRecognizer;
				PRODUCT_NAME = "$(TARGET_NAME)";
				SWIFT_VERSION = 5.0;
				TARGETED_DEVICE_FAMILY = "1,2";
			};
			name = Debug;
		};
		04C84F5224691A6600B3A336 /* Release */ = {
			isa = XCBuildConfiguration;
			buildSettings = {
				ASSETCATALOG_COMPILER_APPICON_NAME = AppIcon;
				CODE_SIGN_STYLE = Automatic;
				INFOPLIST_FILE = SpeechRecognizer/Info.plist;
				LD_RUNPATH_SEARCH_PATHS = (
					"$(inherited)",
					"@executable_path/Frameworks",
				);
				PRODUCT_BUNDLE_IDENTIFIER = com.sample.SpeechRecognizer;
				PRODUCT_NAME = "$(TARGET_NAME)";
				SWIFT_VERSION = 5.0;
				TARGETED_DEVICE_FAMILY = "1,2";
			};
			name = Release;
		};
		04C84F5424691A6600B3A336 /* Debug */ = {
			isa = XCBuildConfiguration;
			buildSettings = {
				ALWAYS_EMBED_SWIFT_STANDARD_LIBRARIES = YES;
				BUNDLE_LOADER = "$(TEST_HOST)";
				CODE_SIGN_STYLE = Automatic;
				INFOPLIST_FILE = SpeechRecognizerTests/Info.plist;
				IPHONEOS_DEPLOYMENT_TARGET = 13.2;
				LD_RUNPATH_SEARCH_PATHS = (
					"$(inherited)",
					"@executable_path/Frameworks",
					"@loader_path/Frameworks",
				);
				PRODUCT_BUNDLE_IDENTIFIER = com.sample.SpeechRecognizerTests;
				PRODUCT_NAME = "$(TARGET_NAME)";
				SWIFT_VERSION = 5.0;
				TARGETED_DEVICE_FAMILY = "1,2";
				TEST_HOST = "$(BUILT_PRODUCTS_DIR)/SpeechRecognizer.app/SpeechRecognizer";
			};
			name = Debug;
		};
		04C84F5524691A6600B3A336 /* Release */ = {
			isa = XCBuildConfiguration;
			buildSettings = {
				ALWAYS_EMBED_SWIFT_STANDARD_LIBRARIES = YES;
				BUNDLE_LOADER = "$(TEST_HOST)";
				CODE_SIGN_STYLE = Automatic;
				INFOPLIST_FILE = SpeechRecognizerTests/Info.plist;
				IPHONEOS_DEPLOYMENT_TARGET = 13.2;
				LD_RUNPATH_SEARCH_PATHS = (
					"$(inherited)",
					"@executable_path/Frameworks",
					"@loader_path/Frameworks",
				);
				PRODUCT_BUNDLE_IDENTIFIER = com.sample.SpeechRecognizerTests;
				PRODUCT_NAME = "$(TARGET_NAME)";
				SWIFT_VERSION = 5.0;
				TARGETED_DEVICE_FAMILY = "1,2";
				TEST_HOST = "$(BUILT_PRODUCTS_DIR)/SpeechRecognizer.app/SpeechRecognizer";
			};
			name = Release;
		};
/* End XCBuildConfiguration section */

/* Begin XCConfigurationList section */
		04C84F2C24691A6300B3A336 /* Build configuration list for PBXProject "SpeechRecognizer" */ = {
			isa = XCConfigurationList;
			buildConfigurations = (
				04C84F4E24691A6600B3A336 /* Debug */,
				04C84F4F24691A6600B3A336 /* Release */,
			);
			defaultConfigurationIsVisible = 0;
			defaultConfigurationName = Release;
		};
		04C84F5024691A6600B3A336 /* Build configuration list for PBXNativeTarget "SpeechRecognizer" */ = {
			isa = XCConfigurationList;
			buildConfigurations = (
				04C84F5124691A6600B3A336 /* Debug */,
				04C84F5224691A6600B3A336 /* Release */,
			);
			defaultConfigurationIsVisible = 0;
			defaultConfigurationName = Release;
		};
		04C84F5324691A6600B3A336 /* Build configuration list for PBXNativeTarget "SpeechRecognizerTests" */ = {
			isa = XCConfigurationList;
			buildConfigurations = (
				04C84F5424691A6600B3A336 /* Debug */,
				04C84F5524691A6600B3A336 /* Release */,
			);
			defaultConfigurationIsVisible = 0;
			defaultConfigurationName = Release;
		};
/* End XCConfigurationList section */
	};
	rootObject = 04C84F2924691A6300B3A336 /* Project object */;
}
